
Microsoft Visual Studio Solution File, Format Version 12.00
# Visual Studio Version 17
VisualStudioVersion = 17.8.34330.188
MinimumVisualStudioVersion = 10.0.40219.1
Project("{9A19103F-16F7-4668-BE54-9A1E7A4F7556}") = "api", "api\api.csproj", "{0C51D067-D40B-45B9-9B4F-6D1DC3593BFB}"
EndProject
Project("{FAE04EC0-301F-11D3-BF4B-00C04F79EFBC}") = "cafeteriaDBLocalHost", "cafeteriaDBLocalHost\cafeteriaDBLocalHost.csproj", "{C29FEF7F-694A-4A83-ADB8-E4E0183E53B9}"
EndProject
Project("{FAE04EC0-301F-11D3-BF4B-00C04F79EFBC}") = "CafeteriaDB", "CafeteriaDB\CafeteriaDB.csproj", "{C6619302-1FEC-4F10-86D3-223ACB793794}"
EndProject
Project("{FAE04EC0-301F-11D3-BF4B-00C04F79EFBC}") = "IdentityCafeteriaModel", "IdentityCafeteriaModel\IdentityCafeteriaModel.csproj", "{50A446A9-407D-4A30-858A-4CB981366D2D}"
EndProject
Global
	GlobalSection(SolutionConfigurationPlatforms) = preSolution
		Debug|Any CPU = Debug|Any CPU
		Release|Any CPU = Release|Any CPU
	EndGlobalSection
	GlobalSection(ProjectConfigurationPlatforms) = postSolution
		{0C51D067-D40B-45B9-9B4F-6D1DC3593BFB}.Debug|Any CPU.ActiveCfg = Debug|Any CPU
		{0C51D067-D40B-45B9-9B4F-6D1DC3593BFB}.Debug|Any CPU.Build.0 = Debug|Any CPU
		{0C51D067-D40B-45B9-9B4F-6D1DC3593BFB}.Release|Any CPU.ActiveCfg = Release|Any CPU
		{0C51D067-D40B-45B9-9B4F-6D1DC3593BFB}.Release|Any CPU.Build.0 = Release|Any CPU
		{C29FEF7F-694A-4A83-ADB8-E4E0183E53B9}.Debug|Any CPU.ActiveCfg = Debug|Any CPU
		{C29FEF7F-694A-4A83-ADB8-E4E0183E53B9}.Debug|Any CPU.Build.0 = Debug|Any CPU
		{C29FEF7F-694A-4A83-ADB8-E4E0183E53B9}.Release|Any CPU.ActiveCfg = Release|Any CPU
		{C29FEF7F-694A-4A83-ADB8-E4E0183E53B9}.Release|Any CPU.Build.0 = Release|Any CPU
		{C6619302-1FEC-4F10-86D3-223ACB793794}.Debug|Any CPU.ActiveCfg = Debug|Any CPU
		{C6619302-1FEC-4F10-86D3-223ACB793794}.Debug|Any CPU.Build.0 = Debug|Any CPU
		{C6619302-1FEC-4F10-86D3-223ACB793794}.Release|Any CPU.ActiveCfg = Release|Any CPU
		{C6619302-1FEC-4F10-86D3-223ACB793794}.Release|Any CPU.Build.0 = Release|Any CPU
		{50A446A9-407D-4A30-858A-4CB981366D2D}.Debug|Any CPU.ActiveCfg = Debug|Any CPU
		{50A446A9-407D-4A30-858A-4CB981366D2D}.Debug|Any CPU.Build.0 = Debug|Any CPU
		{50A446A9-407D-4A30-858A-4CB981366D2D}.Release|Any CPU.ActiveCfg = Release|Any CPU
		{50A446A9-407D-4A30-858A-4CB981366D2D}.Release|Any CPU.Build.0 = Release|Any CPU
	EndGlobalSection
	GlobalSection(SolutionProperties) = preSolution
		HideSolutionNode = FALSE
	EndGlobalSection
	GlobalSection(ExtensibilityGlobals) = postSolution
		SolutionGuid = {CE5E211C-F875-49F1-866F-1CF095B32844}
	EndGlobalSection
EndGlobal
